
Microsoft Visual Studio Solution File, Format Version 12.00
# Visual Studio 15
VisualStudioVersion = 15.0.27703.2018
MinimumVisualStudioVersion = 10.0.40219.1
Project("{FAE04EC0-301F-11D3-BF4B-00C04F79EFBC}") = "GeoLib", "GeoLib\GeoLib.csproj", "{63209ED4-42E1-4412-8516-33BDF7EBBC2C}"
EndProject
Project("{FAE04EC0-301F-11D3-BF4B-00C04F79EFBC}") = "GeoLibTests", "GeoLibTests\GeoLibTests.csproj", "{0A70661F-7B40-4037-BD67-96967ADEA42B}"
EndProject
Global
	GlobalSection(SolutionConfigurationPlatforms) = preSolution
		Debug|Any CPU = Debug|Any CPU
		Release|Any CPU = Release|Any CPU
	EndGlobalSection
	GlobalSection(ProjectConfigurationPlatforms) = postSolution
		{63209ED4-42E1-4412-8516-33BDF7EBBC2C}.Debug|Any CPU.ActiveCfg = Debug|Any CPU
		{63209ED4-42E1-4412-8516-33BDF7EBBC2C}.Debug|Any CPU.Build.0 = Debug|Any CPU
		{63209ED4-42E1-4412-8516-33BDF7EBBC2C}.Release|Any CPU.ActiveCfg = Release|Any CPU
		{63209ED4-42E1-4412-8516-33BDF7EBBC2C}.Release|Any CPU.Build.0 = Release|Any CPU
		{0A70661F-7B40-4037-BD67-96967ADEA42B}.Debug|Any CPU.ActiveCfg = Debug|Any CPU
		{0A70661F-7B40-4037-BD67-96967ADEA42B}.Debug|Any CPU.Build.0 = Debug|Any CPU
		{0A70661F-7B40-4037-BD67-96967ADEA42B}.Release|Any CPU.ActiveCfg = Release|Any CPU
		{0A70661F-7B40-4037-BD67-96967ADEA42B}.Release|Any CPU.Build.0 = Release|Any CPU
	EndGlobalSection
	GlobalSection(SolutionProperties) = preSolution
		HideSolutionNode = FALSE
	EndGlobalSection
	GlobalSection(ExtensibilityGlobals) = postSolution
		SolutionGuid = {17A324D6-7CF4-4CF3-9033-CAA23467DDC2}
	EndGlobalSection
EndGlobal
